
Microsoft Visual Studio Solution File, Format Version 11.00
# Visual Studio 2010
Project("{FAE04EC0-301F-11D3-BF4B-00C04F79EFBC}") = "Assembly-CSharp", "Assembly-CSharp.csproj", "{035855A0-49E6-035C-2430-35BEFACA34DB}"
EndProject
Project("{FAE04EC0-301F-11D3-BF4B-00C04F79EFBC}") = "Assembly-CSharp-Editor", "Assembly-CSharp-Editor.csproj", "{8721E085-7098-1CE5-567F-C2D5E489AD82}"
EndProject
Global
	GlobalSection(SolutionConfigurationPlatforms) = preSolution
		Debug|Any CPU = Debug|Any CPU
		Release|Any CPU = Release|Any CPU
	EndGlobalSection
	GlobalSection(ProjectConfigurationPlatforms) = postSolution
		{035855A0-49E6-035C-2430-35BEFACA34DB}.Debug|Any CPU.ActiveCfg = Debug|Any CPU
		{035855A0-49E6-035C-2430-35BEFACA34DB}.Debug|Any CPU.Build.0 = Debug|Any CPU
		{035855A0-49E6-035C-2430-35BEFACA34DB}.Release|Any CPU.ActiveCfg = Release|Any CPU
		{035855A0-49E6-035C-2430-35BEFACA34DB}.Release|Any CPU.Build.0 = Release|Any CPU
		{8721E085-7098-1CE5-567F-C2D5E489AD82}.Debug|Any CPU.ActiveCfg = Debug|Any CPU
		{8721E085-7098-1CE5-567F-C2D5E489AD82}.Debug|Any CPU.Build.0 = Debug|Any CPU
		{8721E085-7098-1CE5-567F-C2D5E489AD82}.Release|Any CPU.ActiveCfg = Release|Any CPU
		{8721E085-7098-1CE5-567F-C2D5E489AD82}.Release|Any CPU.Build.0 = Release|Any CPU
	EndGlobalSection
	GlobalSection(SolutionProperties) = preSolution
		HideSolutionNode = FALSE
	EndGlobalSection
EndGlobal
